
Microsoft Visual Studio Solution File, Format Version 12.00
# Visual Studio Version 17
VisualStudioVersion = 17.3.32929.385
MinimumVisualStudioVersion = 10.0.40219.1
Project("{FAE04EC0-301F-11D3-BF4B-00C04F79EFBC}") = "Online Market", "Online Market\Online Market.csproj", "{B4A359C8-3A92-491B-9B08-01349684CCA7}"
EndProject
Global
	GlobalSection(SolutionConfigurationPlatforms) = preSolution
		Debug|Any CPU = Debug|Any CPU
		Release|Any CPU = Release|Any CPU
	EndGlobalSection
	GlobalSection(ProjectConfigurationPlatforms) = postSolution
		{B4A359C8-3A92-491B-9B08-01349684CCA7}.Debug|Any CPU.ActiveCfg = Debug|Any CPU
		{B4A359C8-3A92-491B-9B08-01349684CCA7}.Debug|Any CPU.Build.0 = Debug|Any CPU
		{B4A359C8-3A92-491B-9B08-01349684CCA7}.Release|Any CPU.ActiveCfg = Release|Any CPU
		{B4A359C8-3A92-491B-9B08-01349684CCA7}.Release|Any CPU.Build.0 = Release|Any CPU
	EndGlobalSection
	GlobalSection(SolutionProperties) = preSolution
		HideSolutionNode = FALSE
	EndGlobalSection
	GlobalSection(ExtensibilityGlobals) = postSolution
		SolutionGuid = {B5944115-EE2E-4F33-8906-197EF63834C2}
	EndGlobalSection
EndGlobal
